
Microsoft Visual Studio Solution File, Format Version 12.00
Project("{2150E333-8FDC-42A3-9474-1A3956D46DE8}") = "Services", "Services", "{67930D13-E66E-4135-A788-0829C25F2815}"
EndProject
Project("{2150E333-8FDC-42A3-9474-1A3956D46DE8}") = "Libraries", "Libraries", "{F0E43F30-6189-469F-BB57-044E9179248D}"
EndProject
Project("{FAE04EC0-301F-11D3-BF4B-00C04F79EFBC}") = "RatingApi", "RatingApi\RatingApi.csproj", "{2F49DDCD-9495-471A-99C4-1F21CCC335FA}"
EndProject
Project("{FAE04EC0-301F-11D3-BF4B-00C04F79EFBC}") = "NotificationApi", "NotificationApi\NotificationApi.csproj", "{E68A423B-212D-4560-9085-370CBF948E8C}"
EndProject
Project("{FAE04EC0-301F-11D3-BF4B-00C04F79EFBC}") = "Persistence", "Persistence\Persistence.csproj", "{9829B894-7F9B-4C4B-A801-255E7583E448}"
EndProject
Project("{FAE04EC0-301F-11D3-BF4B-00C04F79EFBC}") = "Application", "Application\Application.csproj", "{59D38695-FE35-4CE5-B1D2-F7206820D237}"
EndProject
Project("{FAE04EC0-301F-11D3-BF4B-00C04F79EFBC}") = "Infrastructure", "Infrastructure\Infrastructure.csproj", "{60AED3A2-7A64-4F6E-BE87-F433CA7F437C}"
EndProject
Project("{FAE04EC0-301F-11D3-BF4B-00C04F79EFBC}") = "Core", "Core\Core.csproj", "{8D71289B-968F-49F6-A238-45D861251C8C}"
EndProject
Project("{FAE04EC0-301F-11D3-BF4B-00C04F79EFBC}") = "Domain", "Domain\Domain.csproj", "{E2CF117F-73D0-41D0-872A-41FA411C2113}"
EndProject
Project("{2150E333-8FDC-42A3-9474-1A3956D46DE8}") = "Etc", "Etc", "{A3426192-6820-4FF7-9E8E-7CCC98DD9AFF}"
	ProjectSection(SolutionItems) = preProject
		docker-compose.yml = docker-compose.yml
	EndProjectSection
EndProject
Project("{2150E333-8FDC-42A3-9474-1A3956D46DE8}") = "Tests", "Tests", "{BE790280-8BFC-439B-9046-C956D9649250}"
EndProject
Project("{FAE04EC0-301F-11D3-BF4B-00C04F79EFBC}") = "Application.Tests", "tests\Application.Tests\Application.Tests.csproj", "{4CFEAFB9-21EF-47AD-8E8E-605D8B55B06F}"
EndProject
Global
	GlobalSection(SolutionConfigurationPlatforms) = preSolution
		Debug|Any CPU = Debug|Any CPU
		Release|Any CPU = Release|Any CPU
	EndGlobalSection
	GlobalSection(NestedProjects) = preSolution
		{2F49DDCD-9495-471A-99C4-1F21CCC335FA} = {67930D13-E66E-4135-A788-0829C25F2815}
		{E68A423B-212D-4560-9085-370CBF948E8C} = {67930D13-E66E-4135-A788-0829C25F2815}
		{9829B894-7F9B-4C4B-A801-255E7583E448} = {F0E43F30-6189-469F-BB57-044E9179248D}
		{59D38695-FE35-4CE5-B1D2-F7206820D237} = {F0E43F30-6189-469F-BB57-044E9179248D}
		{60AED3A2-7A64-4F6E-BE87-F433CA7F437C} = {F0E43F30-6189-469F-BB57-044E9179248D}
		{8D71289B-968F-49F6-A238-45D861251C8C} = {F0E43F30-6189-469F-BB57-044E9179248D}
		{E2CF117F-73D0-41D0-872A-41FA411C2113} = {F0E43F30-6189-469F-BB57-044E9179248D}
		{4CFEAFB9-21EF-47AD-8E8E-605D8B55B06F} = {BE790280-8BFC-439B-9046-C956D9649250}
	EndGlobalSection
	GlobalSection(ProjectConfigurationPlatforms) = postSolution
		{2F49DDCD-9495-471A-99C4-1F21CCC335FA}.Debug|Any CPU.ActiveCfg = Debug|Any CPU
		{2F49DDCD-9495-471A-99C4-1F21CCC335FA}.Debug|Any CPU.Build.0 = Debug|Any CPU
		{2F49DDCD-9495-471A-99C4-1F21CCC335FA}.Release|Any CPU.ActiveCfg = Release|Any CPU
		{2F49DDCD-9495-471A-99C4-1F21CCC335FA}.Release|Any CPU.Build.0 = Release|Any CPU
		{E68A423B-212D-4560-9085-370CBF948E8C}.Debug|Any CPU.ActiveCfg = Debug|Any CPU
		{E68A423B-212D-4560-9085-370CBF948E8C}.Debug|Any CPU.Build.0 = Debug|Any CPU
		{E68A423B-212D-4560-9085-370CBF948E8C}.Release|Any CPU.ActiveCfg = Release|Any CPU
		{E68A423B-212D-4560-9085-370CBF948E8C}.Release|Any CPU.Build.0 = Release|Any CPU
		{9829B894-7F9B-4C4B-A801-255E7583E448}.Debug|Any CPU.ActiveCfg = Debug|Any CPU
		{9829B894-7F9B-4C4B-A801-255E7583E448}.Debug|Any CPU.Build.0 = Debug|Any CPU
		{9829B894-7F9B-4C4B-A801-255E7583E448}.Release|Any CPU.ActiveCfg = Release|Any CPU
		{9829B894-7F9B-4C4B-A801-255E7583E448}.Release|Any CPU.Build.0 = Release|Any CPU
		{59D38695-FE35-4CE5-B1D2-F7206820D237}.Debug|Any CPU.ActiveCfg = Debug|Any CPU
		{59D38695-FE35-4CE5-B1D2-F7206820D237}.Debug|Any CPU.Build.0 = Debug|Any CPU
		{59D38695-FE35-4CE5-B1D2-F7206820D237}.Release|Any CPU.ActiveCfg = Release|Any CPU
		{59D38695-FE35-4CE5-B1D2-F7206820D237}.Release|Any CPU.Build.0 = Release|Any CPU
		{60AED3A2-7A64-4F6E-BE87-F433CA7F437C}.Debug|Any CPU.ActiveCfg = Debug|Any CPU
		{60AED3A2-7A64-4F6E-BE87-F433CA7F437C}.Debug|Any CPU.Build.0 = Debug|Any CPU
		{60AED3A2-7A64-4F6E-BE87-F433CA7F437C}.Release|Any CPU.ActiveCfg = Release|Any CPU
		{60AED3A2-7A64-4F6E-BE87-F433CA7F437C}.Release|Any CPU.Build.0 = Release|Any CPU
		{8D71289B-968F-49F6-A238-45D861251C8C}.Debug|Any CPU.ActiveCfg = Debug|Any CPU
		{8D71289B-968F-49F6-A238-45D861251C8C}.Debug|Any CPU.Build.0 = Debug|Any CPU
		{8D71289B-968F-49F6-A238-45D861251C8C}.Release|Any CPU.ActiveCfg = Release|Any CPU
		{8D71289B-968F-49F6-A238-45D861251C8C}.Release|Any CPU.Build.0 = Release|Any CPU
		{E2CF117F-73D0-41D0-872A-41FA411C2113}.Debug|Any CPU.ActiveCfg = Debug|Any CPU
		{E2CF117F-73D0-41D0-872A-41FA411C2113}.Debug|Any CPU.Build.0 = Debug|Any CPU
		{E2CF117F-73D0-41D0-872A-41FA411C2113}.Release|Any CPU.ActiveCfg = Release|Any CPU
		{E2CF117F-73D0-41D0-872A-41FA411C2113}.Release|Any CPU.Build.0 = Release|Any CPU
		{4CFEAFB9-21EF-47AD-8E8E-605D8B55B06F}.Debug|Any CPU.ActiveCfg = Debug|Any CPU
		{4CFEAFB9-21EF-47AD-8E8E-605D8B55B06F}.Debug|Any CPU.Build.0 = Debug|Any CPU
		{4CFEAFB9-21EF-47AD-8E8E-605D8B55B06F}.Release|Any CPU.ActiveCfg = Release|Any CPU
		{4CFEAFB9-21EF-47AD-8E8E-605D8B55B06F}.Release|Any CPU.Build.0 = Release|Any CPU
	EndGlobalSection
EndGlobal
